
Microsoft Visual Studio Solution File, Format Version 12.00
# Visual Studio 14
VisualStudioVersion = 14.0.25420.1
MinimumVisualStudioVersion = 10.0.40219.1
Project("{FAE04EC0-301F-11D3-BF4B-00C04F79EFBC}") = "AutoConnect", "AutoConnect\AutoConnect.csproj", "{CE2DAAA7-DBAD-4648-A25E-30D56CDBD2ED}"
EndProject
Project("{FAE04EC0-301F-11D3-BF4B-00C04F79EFBC}") = "Rnd.Theme.Bootstrap", "..\Rnd.Theme.Bootstrap\Rnd.Theme.Bootstrap.csproj", "{D5F6DBAD-EB28-4098-A3D6-8D6C89B13FCB}"
EndProject
Global
	GlobalSection(SolutionConfigurationPlatforms) = preSolution
		Debug|Any CPU = Debug|Any CPU
		Release|Any CPU = Release|Any CPU
	EndGlobalSection
	GlobalSection(ProjectConfigurationPlatforms) = postSolution
		{CE2DAAA7-DBAD-4648-A25E-30D56CDBD2ED}.Debug|Any CPU.ActiveCfg = Debug|Any CPU
		{CE2DAAA7-DBAD-4648-A25E-30D56CDBD2ED}.Debug|Any CPU.Build.0 = Debug|Any CPU
		{CE2DAAA7-DBAD-4648-A25E-30D56CDBD2ED}.Release|Any CPU.ActiveCfg = Release|Any CPU
		{CE2DAAA7-DBAD-4648-A25E-30D56CDBD2ED}.Release|Any CPU.Build.0 = Release|Any CPU
		{D5F6DBAD-EB28-4098-A3D6-8D6C89B13FCB}.Debug|Any CPU.ActiveCfg = Debug|Any CPU
		{D5F6DBAD-EB28-4098-A3D6-8D6C89B13FCB}.Debug|Any CPU.Build.0 = Debug|Any CPU
		{D5F6DBAD-EB28-4098-A3D6-8D6C89B13FCB}.Release|Any CPU.ActiveCfg = Release|Any CPU
		{D5F6DBAD-EB28-4098-A3D6-8D6C89B13FCB}.Release|Any CPU.Build.0 = Release|Any CPU
	EndGlobalSection
	GlobalSection(SolutionProperties) = preSolution
		HideSolutionNode = FALSE
	EndGlobalSection
EndGlobal
